// !$*UTF8*$!
{
	archiveVersion = 1;
	classes = {
	};
	objectVersion = 77;
	objects = {

/* Begin PBXContainerItemProxy section */
		652A97CE2D5AD5DC00FDE373 /* PBXContainerItemProxy */ = {
			isa = PBXContainerItemProxy;
			containerPortal = 652A97AF2D5AD5DA00FDE373 /* Project object */;
			proxyType = 1;
			remoteGlobalIDString = 652A97B62D5AD5DA00FDE373;
			remoteInfo = "UIKit-Template";
		};
		652A97D82D5AD5DC00FDE373 /* PBXContainerItemProxy */ = {
			isa = PBXContainerItemProxy;
			containerPortal = 652A97AF2D5AD5DA00FDE373 /* Project object */;
			proxyType = 1;
			remoteGlobalIDString = 652A97B62D5AD5DA00FDE373;
			remoteInfo = "UIKit-Template";
		};
/* End PBXContainerItemProxy section */

/* Begin PBXFileReference section */
		652A97B72D5AD5DA00FDE373 /* UIKit-Template.app */ = {isa = PBXFileReference; explicitFileType = wrapper.application; includeInIndex = 0; path = "UIKit-Template.app"; sourceTree = BUILT_PRODUCTS_DIR; };
		652A97CD2D5AD5DC00FDE373 /* UIKit-TemplateTests.xctest */ = {isa = PBXFileReference; explicitFileType = wrapper.cfbundle; includeInIndex = 0; path = "UIKit-TemplateTests.xctest"; sourceTree = BUILT_PRODUCTS_DIR; };
		652A97D72D5AD5DC00FDE373 /* UIKit-TemplateUITests.xctest */ = {isa = PBXFileReference; explicitFileType = wrapper.cfbundle; includeInIndex = 0; path = "UIKit-TemplateUITests.xctest"; sourceTree = BUILT_PRODUCTS_DIR; };
/* End PBXFileReference section */

/* Begin PBXFileSystemSynchronizedBuildFileExceptionSet section */
		652A97DF2D5AD5DC00FDE373 /* Exceptions for "UIKit-Template" folder in "UIKit-Template" target */ = {
			isa = PBXFileSystemSynchronizedBuildFileExceptionSet;
			membershipExceptions = (
				Info.plist,
			);
			target = 652A97B62D5AD5DA00FDE373 /* UIKit-Template */;
		};
/* End PBXFileSystemSynchronizedBuildFileExceptionSet section */

/* Begin PBXFileSystemSynchronizedRootGroup section */
		652A97B92D5AD5DA00FDE373 /* UIKit-Template */ = {
			isa = PBXFileSystemSynchronizedRootGroup;
			exceptions = (
				652A97DF2D5AD5DC00FDE373 /* Exceptions for "UIKit-Template" folder in "UIKit-Template" target */,
			);
			path = "UIKit-Template";
			sourceTree = "<group>";
		};
		652A97D02D5AD5DC00FDE373 /* UIKit-TemplateTests */ = {
			isa = PBXFileSystemSynchronizedRootGroup;
			path = "UIKit-TemplateTests";
			sourceTree = "<group>";
		};
		652A97DA2D5AD5DC00FDE373 /* UIKit-TemplateUITests */ = {
			isa = PBXFileSystemSynchronizedRootGroup;
			path = "UIKit-TemplateUITests";
			sourceTree = "<group>";
		};
/* End PBXFileSystemSynchronizedRootGroup section */

/* Begin PBXFrameworksBuildPhase section */
		652A97B42D5AD5DA00FDE373 /* Frameworks */ = {
			isa = PBXFrameworksBuildPhase;
			buildActionMask = 2147483647;
			files = (
			);
			runOnlyForDeploymentPostprocessing = 0;
		};
		652A97CA2D5AD5DC00FDE373 /* Frameworks */ = {
			isa = PBXFrameworksBuildPhase;
			buildActionMask = 2147483647;
			files = (
			);
			runOnlyForDeploymentPostprocessing = 0;
		};
		652A97D42D5AD5DC00FDE373 /* Frameworks */ = {
			isa = PBXFrameworksBuildPhase;
			buildActionMask = 2147483647;
			files = (
			);
			runOnlyForDeploymentPostprocessing = 0;
		};
/* End PBXFrameworksBuildPhase section */

/* Begin PBXGroup section */
		652A97AE2D5AD5DA00FDE373 = {
			isa = PBXGroup;
			children = (
				652A97B92D5AD5DA00FDE373 /* UIKit-Template */,
				652A97D02D5AD5DC00FDE373 /* UIKit-TemplateTests */,
				652A97DA2D5AD5DC00FDE373 /* UIKit-TemplateUITests */,
				652A97B82D5AD5DA00FDE373 /* Products */,
			);
			sourceTree = "<group>";
		};
		652A97B82D5AD5DA00FDE373 /* Products */ = {
			isa = PBXGroup;
			children = (
				652A97B72D5AD5DA00FDE373 /* UIKit-Template.app */,
				652A97CD2D5AD5DC00FDE373 /* UIKit-TemplateTests.xctest */,
				652A97D72D5AD5DC00FDE373 /* UIKit-TemplateUITests.xctest */,
			);
			name = Products;
			sourceTree = "<group>";
		};
/* End PBXGroup section */

/* Begin PBXNativeTarget section */
		652A97B62D5AD5DA00FDE373 /* UIKit-Template */ = {
			isa = PBXNativeTarget;
			buildConfigurationList = 652A97E02D5AD5DC00FDE373 /* Build configuration list for PBXNativeTarget "UIKit-Template" */;
			buildPhases = (
				652A97B32D5AD5DA00FDE373 /* Sources */,
				652A97B42D5AD5DA00FDE373 /* Frameworks */,
				652A97B52D5AD5DA00FDE373 /* Resources */,
			);
			buildRules = (
			);
			dependencies = (
			);
			fileSystemSynchronizedGroups = (
				652A97B92D5AD5DA00FDE373 /* UIKit-Template */,
			);
			name = "UIKit-Template";
			packageProductDependencies = (
			);
			productName = "UIKit-Template";
			productReference = 652A97B72D5AD5DA00FDE373 /* UIKit-Template.app */;
			productType = "com.apple.product-type.application";
		};
		652A97CC2D5AD5DC00FDE373 /* UIKit-TemplateTests */ = {
			isa = PBXNativeTarget;
			buildConfigurationList = 652A97E52D5AD5DC00FDE373 /* Build configuration list for PBXNativeTarget "UIKit-TemplateTests" */;
			buildPhases = (
				652A97C92D5AD5DC00FDE373 /* Sources */,
				652A97CA2D5AD5DC00FDE373 /* Frameworks */,
				652A97CB2D5AD5DC00FDE373 /* Resources */,
			);
			buildRules = (
			);
			dependencies = (
				652A97CF2D5AD5DC00FDE373 /* PBXTargetDependency */,
			);
			fileSystemSynchronizedGroups = (
				652A97D02D5AD5DC00FDE373 /* UIKit-TemplateTests */,
			);
			name = "UIKit-TemplateTests";
			packageProductDependencies = (
			);
			productName = "UIKit-TemplateTests";
			productReference = 652A97CD2D5AD5DC00FDE373 /* UIKit-TemplateTests.xctest */;
			productType = "com.apple.product-type.bundle.unit-test";
		};
		652A97D62D5AD5DC00FDE373 /* UIKit-TemplateUITests */ = {
			isa = PBXNativeTarget;
			buildConfigurationList = 652A97E82D5AD5DC00FDE373 /* Build configuration list for PBXNativeTarget "UIKit-TemplateUITests" */;
			buildPhases = (
				652A97D32D5AD5DC00FDE373 /* Sources */,
				652A97D42D5AD5DC00FDE373 /* Frameworks */,
				652A97D52D5AD5DC00FDE373 /* Resources */,
			);
			buildRules = (
			);
			dependencies = (
				652A97D92D5AD5DC00FDE373 /* PBXTargetDependency */,
			);
			fileSystemSynchronizedGroups = (
				652A97DA2D5AD5DC00FDE373 /* UIKit-TemplateUITests */,
			);
			name = "UIKit-TemplateUITests";
			packageProductDependencies = (
			);
			productName = "UIKit-TemplateUITests";
			productReference = 652A97D72D5AD5DC00FDE373 /* UIKit-TemplateUITests.xctest */;
			productType = "com.apple.product-type.bundle.ui-testing";
		};
/* End PBXNativeTarget section */

/* Begin PBXProject section */
		652A97AF2D5AD5DA00FDE373 /* Project object */ = {
			isa = PBXProject;
			attributes = {
				BuildIndependentTargetsInParallel = 1;
				LastSwiftUpdateCheck = 1620;
				LastUpgradeCheck = 1620;
				TargetAttributes = {
					652A97B62D5AD5DA00FDE373 = {
						CreatedOnToolsVersion = 16.2;
					};
					652A97CC2D5AD5DC00FDE373 = {
						CreatedOnToolsVersion = 16.2;
						TestTargetID = 652A97B62D5AD5DA00FDE373;
					};
					652A97D62D5AD5DC00FDE373 = {
						CreatedOnToolsVersion = 16.2;
						TestTargetID = 652A97B62D5AD5DA00FDE373;
					};
				};
			};
			buildConfigurationList = 652A97B22D5AD5DA00FDE373 /* Build configuration list for PBXProject "UIKit-Template" */;
			developmentRegion = en;
			hasScannedForEncodings = 0;
			knownRegions = (
				en,
				Base,
			);
			mainGroup = 652A97AE2D5AD5DA00FDE373;
			minimizedProjectReferenceProxies = 1;
			preferredProjectObjectVersion = 77;
			productRefGroup = 652A97B82D5AD5DA00FDE373 /* Products */;
			projectDirPath = "";
			projectRoot = "";
			targets = (
				652A97B62D5AD5DA00FDE373 /* UIKit-Template */,
				652A97CC2D5AD5DC00FDE373 /* UIKit-TemplateTests */,
				652A97D62D5AD5DC00FDE373 /* UIKit-TemplateUITests */,
			);
		};
/* End PBXProject section */

/* Begin PBXResourcesBuildPhase section */
		652A97B52D5AD5DA00FDE373 /* Resources */ = {
			isa = PBXResourcesBuildPhase;
			buildActionMask = 2147483647;
			files = (
			);
			runOnlyForDeploymentPostprocessing = 0;
		};
		652A97CB2D5AD5DC00FDE373 /* Resources */ = {
			isa = PBXResourcesBuildPhase;
			buildActionMask = 2147483647;
			files = (
			);
			runOnlyForDeploymentPostprocessing = 0;
		};
		652A97D52D5AD5DC00FDE373 /* Resources */ = {
			isa = PBXResourcesBuildPhase;
			buildActionMask = 2147483647;
			files = (
			);
			runOnlyForDeploymentPostprocessing = 0;
		};
/* End PBXResourcesBuildPhase section */

/* Begin PBXSourcesBuildPhase section */
		652A97B32D5AD5DA00FDE373 /* Sources */ = {
			isa = PBXSourcesBuildPhase;
			buildActionMask = 2147483647;
			files = (
			);
			runOnlyForDeploymentPostprocessing = 0;
		};
		652A97C92D5AD5DC00FDE373 /* Sources */ = {
			isa = PBXSourcesBuildPhase;
			buildActionMask = 2147483647;
			files = (
			);
			runOnlyForDeploymentPostprocessing = 0;
		};
		652A97D32D5AD5DC00FDE373 /* Sources */ = {
			isa = PBXSourcesBuildPhase;
			buildActionMask = 2147483647;
			files = (
			);
			runOnlyForDeploymentPostprocessing = 0;
		};
/* End PBXSourcesBuildPhase section */

/* Begin PBXTargetDependency section */
		652A97CF2D5AD5DC00FDE373 /* PBXTargetDependency */ = {
			isa = PBXTargetDependency;
			target = 652A97B62D5AD5DA00FDE373 /* UIKit-Template */;
			targetProxy = 652A97CE2D5AD5DC00FDE373 /* PBXContainerItemProxy */;
		};
		652A97D92D5AD5DC00FDE373 /* PBXTargetDependency */ = {
			isa = PBXTargetDependency;
			target = 652A97B62D5AD5DA00FDE373 /* UIKit-Template */;
			targetProxy = 652A97D82D5AD5DC00FDE373 /* PBXContainerItemProxy */;
		};
/* End PBXTargetDependency section */

/* Begin XCBuildConfiguration section */
		652A97E12D5AD5DC00FDE373 /* Debug */ = {
			isa = XCBuildConfiguration;
			buildSettings = {
				ASSETCATALOG_COMPILER_APPICON_NAME = AppIcon;
				ASSETCATALOG_COMPILER_GLOBAL_ACCENT_COLOR_NAME = AccentColor;
				CODE_SIGN_STYLE = Automatic;
				CURRENT_PROJECT_VERSION = 1;
				GENERATE_INFOPLIST_FILE = YES;
				INFOPLIST_FILE = "UIKit-Template/Info.plist";
				INFOPLIST_KEY_UIApplicationSupportsIndirectInputEvents = YES;
				INFOPLIST_KEY_UILaunchStoryboardName = LaunchScreen;
				INFOPLIST_KEY_UISupportedInterfaceOrientations_iPad = "UIInterfaceOrientationPortrait UIInterfaceOrientationPortraitUpsideDown UIInterfaceOrientationLandscapeLeft UIInterfaceOrientationLandscapeRight";
				INFOPLIST_KEY_UISupportedInterfaceOrientations_iPhone = "UIInterfaceOrientationPortrait UIInterfaceOrientationLandscapeLeft UIInterfaceOrientationLandscapeRight";
				LD_RUNPATH_SEARCH_PATHS = (
					"$(inherited)",
					"@executable_path/Frameworks",
				);
				MARKETING_VERSION = 1.0;
				PRODUCT_BUNDLE_IDENTIFIER = "PokemonSUI.UIKit-Template";
				PRODUCT_NAME = "$(TARGET_NAME)";
				SWIFT_EMIT_LOC_STRINGS = YES;
				SWIFT_VERSION = 5.0;
				TARGETED_DEVICE_FAMILY = "1,2";
			};
			name = Debug;
		};
		652A97E22D5AD5DC00FDE373 /* Release */ = {
			isa = XCBuildConfiguration;
			buildSettings = {
				ASSETCATALOG_COMPILER_APPICON_NAME = AppIcon;
				ASSETCATALOG_COMPILER_GLOBAL_ACCENT_COLOR_NAME = AccentColor;
				CODE_SIGN_STYLE = Automatic;
				CURRENT_PROJECT_VERSION = 1;
				GENERATE_INFOPLIST_FILE = YES;
				INFOPLIST_FILE = "UIKit-Template/Info.plist";
				INFOPLIST_KEY_UIApplicationSupportsIndirectInputEvents = YES;
				INFOPLIST_KEY_UILaunchStoryboardName = LaunchScreen;
				INFOPLIST_KEY_UISupportedInterfaceOrientations_iPad = "UIInterfaceOrientationPortrait UIInterfaceOrientationPortraitUpsideDown UIInterfaceOrientationLandscapeLeft UIInterfaceOrientationLandscapeRight";
				INFOPLIST_KEY_UISupportedInterfaceOrientations_iPhone = "UIInterfaceOrientationPortrait UIInterfaceOrientationLandscapeLeft UIInterfaceOrientationLandscapeRight";
				LD_RUNPATH_SEARCH_PATHS = (
					"$(inherited)",
					"@executable_path/Frameworks",
				);
				MARKETING_VERSION = 1.0;
				PRODUCT_BUNDLE_IDENTIFIER = "PokemonSUI.UIKit-Template";
				PRODUCT_NAME = "$(TARGET_NAME)";
				SWIFT_EMIT_LOC_STRINGS = YES;
				SWIFT_VERSION = 5.0;
				TARGETED_DEVICE_FAMILY = "1,2";
			};
			name = Release;
		};
		652A97E32D5AD5DC00FDE373 /* Debug */ = {
			isa = XCBuildConfiguration;
			buildSettings = {
				ALWAYS_SEARCH_USER_PATHS = NO;
				ASSETCATALOG_COMPILER_GENERATE_SWIFT_ASSET_SYMBOL_EXTENSIONS = YES;
				CLANG_ANALYZER_NONNULL = YES;
				CLANG_ANALYZER_NUMBER_OBJECT_CONVERSION = YES_AGGRESSIVE;
				CLANG_CXX_LANGUAGE_STANDARD = "gnu++20";
				CLANG_ENABLE_MODULES = YES;
				CLANG_ENABLE_OBJC_ARC = YES;
				CLANG_ENABLE_OBJC_WEAK = YES;
				CLANG_WARN_BLOCK_CAPTURE_AUTORELEASING = YES;
				CLANG_WARN_BOOL_CONVERSION = YES;
				CLANG_WARN_COMMA = YES;
				CLANG_WARN_CONSTANT_CONVERSION = YES;
				CLANG_WARN_DEPRECATED_OBJC_IMPLEMENTATIONS = YES;
				CLANG_WARN_DIRECT_OBJC_ISA_USAGE = YES_ERROR;
				CLANG_WARN_DOCUMENTATION_COMMENTS = YES;
				CLANG_WARN_EMPTY_BODY = YES;
				CLANG_WARN_ENUM_CONVERSION = YES;
				CLANG_WARN_INFINITE_RECURSION = YES;
				CLANG_WARN_INT_CONVERSION = YES;
				CLANG_WARN_NON_LITERAL_NULL_CONVERSION = YES;
				CLANG_WARN_OBJC_IMPLICIT_RETAIN_SELF = YES;
				CLANG_WARN_OBJC_LITERAL_CONVERSION = YES;
				CLANG_WARN_OBJC_ROOT_CLASS = YES_ERROR;
				CLANG_WARN_QUOTED_INCLUDE_IN_FRAMEWORK_HEADER = YES;
				CLANG_WARN_RANGE_LOOP_ANALYSIS = YES;
				CLANG_WARN_STRICT_PROTOTYPES = YES;
				CLANG_WARN_SUSPICIOUS_MOVE = YES;
				CLANG_WARN_UNGUARDED_AVAILABILITY = YES_AGGRESSIVE;
				CLANG_WARN_UNREACHABLE_CODE = YES;
				CLANG_WARN__DUPLICATE_METHOD_MATCH = YES;
				COPY_PHASE_STRIP = NO;
				DEBUG_INFORMATION_FORMAT = dwarf;
				ENABLE_STRICT_OBJC_MSGSEND = YES;
				ENABLE_TESTABILITY = YES;
				ENABLE_USER_SCRIPT_SANDBOXING = YES;
				GCC_C_LANGUAGE_STANDARD = gnu17;
				GCC_DYNAMIC_NO_PIC = NO;
				GCC_NO_COMMON_BLOCKS = YES;
				GCC_OPTIMIZATION_LEVEL = 0;
				GCC_PREPROCESSOR_DEFINITIONS = (
					"DEBUG=1",
					"$(inherited)",
				);
				GCC_WARN_64_TO_32_BIT_CONVERSION = YES;
				GCC_WARN_ABOUT_RETURN_TYPE = YES_ERROR;
				GCC_WARN_UNDECLARED_SELECTOR = YES;
				GCC_WARN_UNINITIALIZED_AUTOS = YES_AGGRESSIVE;
				GCC_WARN_UNUSED_FUNCTION = YES;
				GCC_WARN_UNUSED_VARIABLE = YES;
				IPHONEOS_DEPLOYMENT_TARGET = 18.2;
				LOCALIZATION_PREFERS_STRING_CATALOGS = YES;
				MTL_ENABLE_DEBUG_INFO = INCLUDE_SOURCE;
				MTL_FAST_MATH = YES;
				ONLY_ACTIVE_ARCH = YES;
				SDKROOT = iphoneos;
				SWIFT_ACTIVE_COMPILATION_CONDITIONS = "DEBUG $(inherited)";
				SWIFT_OPTIMIZATION_LEVEL = "-Onone";
			};
			name = Debug;
		};
		652A97E42D5AD5DC00FDE373 /* Release */ = {
			isa = XCBuildConfiguration;
			buildSettings = {
				ALWAYS_SEARCH_USER_PATHS = NO;
				ASSETCATALOG_COMPILER_GENERATE_SWIFT_ASSET_SYMBOL_EXTENSIONS = YES;
				CLANG_ANALYZER_NONNULL = YES;
				CLANG_ANALYZER_NUMBER_OBJECT_CONVERSION = YES_AGGRESSIVE;
				CLANG_CXX_LANGUAGE_STANDARD = "gnu++20";
				CLANG_ENABLE_MODULES = YES;
				CLANG_ENABLE_OBJC_ARC = YES;
				CLANG_ENABLE_OBJC_WEAK = YES;
				CLANG_WARN_BLOCK_CAPTURE_AUTORELEASING = YES;
				CLANG_WARN_BOOL_CONVERSION = YES;
				CLANG_WARN_COMMA = YES;
				CLANG_WARN_CONSTANT_CONVERSION = YES;
				CLANG_WARN_DEPRECATED_OBJC_IMPLEMENTATIONS = YES;
				CLANG_WARN_DIRECT_OBJC_ISA_USAGE = YES_ERROR;
				CLANG_WARN_DOCUMENTATION_COMMENTS = YES;
				CLANG_WARN_EMPTY_BODY = YES;
				CLANG_WARN_ENUM_CONVERSION = YES;
				CLANG_WARN_INFINITE_RECURSION = YES;
				CLANG_WARN_INT_CONVERSION = YES;
				CLANG_WARN_NON_LITERAL_NULL_CONVERSION = YES;
				CLANG_WARN_OBJC_IMPLICIT_RETAIN_SELF = YES;
				CLANG_WARN_OBJC_LITERAL_CONVERSION = YES;
				CLANG_WARN_OBJC_ROOT_CLASS = YES_ERROR;
				CLANG_WARN_QUOTED_INCLUDE_IN_FRAMEWORK_HEADER = YES;
				CLANG_WARN_RANGE_LOOP_ANALYSIS = YES;
				CLANG_WARN_STRICT_PROTOTYPES = YES;
				CLANG_WARN_SUSPICIOUS_MOVE = YES;
				CLANG_WARN_UNGUARDED_AVAILABILITY = YES_AGGRESSIVE;
				CLANG_WARN_UNREACHABLE_CODE = YES;
				CLANG_WARN__DUPLICATE_METHOD_MATCH = YES;
				COPY_PHASE_STRIP = NO;
				DEBUG_INFORMATION_FORMAT = "dwarf-with-dsym";
				ENABLE_NS_ASSERTIONS = NO;
				ENABLE_STRICT_OBJC_MSGSEND = YES;
				ENABLE_USER_SCRIPT_SANDBOXING = YES;
				GCC_C_LANGUAGE_STANDARD = gnu17;
				GCC_NO_COMMON_BLOCKS = YES;
				GCC_WARN_64_TO_32_BIT_CONVERSION = YES;
				GCC_WARN_ABOUT_RETURN_TYPE = YES_ERROR;
				GCC_WARN_UNDECLARED_SELECTOR = YES;
				GCC_WARN_UNINITIALIZED_AUTOS = YES_AGGRESSIVE;
				GCC_WARN_UNUSED_FUNCTION = YES;
				GCC_WARN_UNUSED_VARIABLE = YES;
				IPHONEOS_DEPLOYMENT_TARGET = 18.2;
				LOCALIZATION_PREFERS_STRING_CATALOGS = YES;
				MTL_ENABLE_DEBUG_INFO = NO;
				MTL_FAST_MATH = YES;
				SDKROOT = iphoneos;
				SWIFT_COMPILATION_MODE = wholemodule;
				VALIDATE_PRODUCT = YES;
			};
			name = Release;
		};
		652A97E62D5AD5DC00FDE373 /* Debug */ = {
			isa = XCBuildConfiguration;
			buildSettings = {
				BUNDLE_LOADER = "$(TEST_HOST)";
				CODE_SIGN_STYLE = Automatic;
				CURRENT_PROJECT_VERSION = 1;
				GENERATE_INFOPLIST_FILE = YES;
				IPHONEOS_DEPLOYMENT_TARGET = 18.2;
				MARKETING_VERSION = 1.0;
				PRODUCT_BUNDLE_IDENTIFIER = "PokemonSUI.UIKit-TemplateTests";
				PRODUCT_NAME = "$(TARGET_NAME)";
				SWIFT_EMIT_LOC_STRINGS = NO;
				SWIFT_VERSION = 5.0;
				TARGETED_DEVICE_FAMILY = "1,2";
				TEST_HOST = "$(BUILT_PRODUCTS_DIR)/UIKit-Template.app/$(BUNDLE_EXECUTABLE_FOLDER_PATH)/UIKit-Template";
			};
			name = Debug;
		};
		652A97E72D5AD5DC00FDE373 /* Release */ = {
			isa = XCBuildConfiguration;
			buildSettings = {
				BUNDLE_LOADER = "$(TEST_HOST)";
				CODE_SIGN_STYLE = Automatic;
				CURRENT_PROJECT_VERSION = 1;
				GENERATE_INFOPLIST_FILE = YES;
				IPHONEOS_DEPLOYMENT_TARGET = 18.2;
				MARKETING_VERSION = 1.0;
				PRODUCT_BUNDLE_IDENTIFIER = "PokemonSUI.UIKit-TemplateTests";
				PRODUCT_NAME = "$(TARGET_NAME)";
				SWIFT_EMIT_LOC_STRINGS = NO;
				SWIFT_VERSION = 5.0;
				TARGETED_DEVICE_FAMILY = "1,2";
				TEST_HOST = "$(BUILT_PRODUCTS_DIR)/UIKit-Template.app/$(BUNDLE_EXECUTABLE_FOLDER_PATH)/UIKit-Template";
			};
			name = Release;
		};
		652A97E92D5AD5DC00FDE373 /* Debug */ = {
			isa = XCBuildConfiguration;
			buildSettings = {
				CODE_SIGN_STYLE = Automatic;
				CURRENT_PROJECT_VERSION = 1;
				GENERATE_INFOPLIST_FILE = YES;
				MARKETING_VERSION = 1.0;
				PRODUCT_BUNDLE_IDENTIFIER = "PokemonSUI.UIKit-TemplateUITests";
				PRODUCT_NAME = "$(TARGET_NAME)";
				SWIFT_EMIT_LOC_STRINGS = NO;
				SWIFT_VERSION = 5.0;
				TARGETED_DEVICE_FAMILY = "1,2";
				TEST_TARGET_NAME = "UIKit-Template";
			};
			name = Debug;
		};
		652A97EA2D5AD5DC00FDE373 /* Release */ = {
			isa = XCBuildConfiguration;
			buildSettings = {
				CODE_SIGN_STYLE = Automatic;
				CURRENT_PROJECT_VERSION = 1;
				GENERATE_INFOPLIST_FILE = YES;
				MARKETING_VERSION = 1.0;
				PRODUCT_BUNDLE_IDENTIFIER = "PokemonSUI.UIKit-TemplateUITests";
				PRODUCT_NAME = "$(TARGET_NAME)";
				SWIFT_EMIT_LOC_STRINGS = NO;
				SWIFT_VERSION = 5.0;
				TARGETED_DEVICE_FAMILY = "1,2";
				TEST_TARGET_NAME = "UIKit-Template";
			};
			name = Release;
		};
/* End XCBuildConfiguration section */

/* Begin XCConfigurationList section */
		652A97B22D5AD5DA00FDE373 /* Build configuration list for PBXProject "UIKit-Template" */ = {
			isa = XCConfigurationList;
			buildConfigurations = (
				652A97E32D5AD5DC00FDE373 /* Debug */,
				652A97E42D5AD5DC00FDE373 /* Release */,
			);
			defaultConfigurationIsVisible = 0;
			defaultConfigurationName = Release;
		};
		652A97E02D5AD5DC00FDE373 /* Build configuration list for PBXNativeTarget "UIKit-Template" */ = {
			isa = XCConfigurationList;
			buildConfigurations = (
				652A97E12D5AD5DC00FDE373 /* Debug */,
				652A97E22D5AD5DC00FDE373 /* Release */,
			);
			defaultConfigurationIsVisible = 0;
			defaultConfigurationName = Release;
		};
		652A97E52D5AD5DC00FDE373 /* Build configuration list for PBXNativeTarget "UIKit-TemplateTests" */ = {
			isa = XCConfigurationList;
			buildConfigurations = (
				652A97E62D5AD5DC00FDE373 /* Debug */,
				652A97E72D5AD5DC00FDE373 /* Release */,
			);
			defaultConfigurationIsVisible = 0;
			defaultConfigurationName = Release;
		};
		652A97E82D5AD5DC00FDE373 /* Build configuration list for PBXNativeTarget "UIKit-TemplateUITests" */ = {
			isa = XCConfigurationList;
			buildConfigurations = (
				652A97E92D5AD5DC00FDE373 /* Debug */,
				652A97EA2D5AD5DC00FDE373 /* Release */,
			);
			defaultConfigurationIsVisible = 0;
			defaultConfigurationName = Release;
		};
/* End XCConfigurationList section */
	};
	rootObject = 652A97AF2D5AD5DA00FDE373 /* Project object */;
}
